// !$*UTF8*$!
{
	archiveVersion = 1;
	classes = {
	};
	objectVersion = 55;
	objects = {

/* Begin PBXBuildFile section */
		6F50067328685BAC00D1AA88 /* AppDelegate.swift in Sources */ = {isa = PBXBuildFile; fileRef = 6F50067228685BAC00D1AA88 /* AppDelegate.swift */; };
		6F50067528685BAC00D1AA88 /* SceneDelegate.swift in Sources */ = {isa = PBXBuildFile; fileRef = 6F50067428685BAC00D1AA88 /* SceneDelegate.swift */; };
		6F50067728685BAC00D1AA88 /* ViewController.swift in Sources */ = {isa = PBXBuildFile; fileRef = 6F50067628685BAC00D1AA88 /* ViewController.swift */; };
		6F50067A28685BAC00D1AA88 /* Main.storyboard in Resources */ = {isa = PBXBuildFile; fileRef = 6F50067828685BAC00D1AA88 /* Main.storyboard */; };
		6F50067C28685BB100D1AA88 /* Assets.xcassets in Resources */ = {isa = PBXBuildFile; fileRef = 6F50067B28685BB100D1AA88 /* Assets.xcassets */; };
		6F50067F28685BB100D1AA88 /* LaunchScreen.storyboard in Resources */ = {isa = PBXBuildFile; fileRef = 6F50067D28685BB100D1AA88 /* LaunchScreen.storyboard */; };
		6F69430C286A3B6B007A536B /* FetchMoviesUseCase.swift in Sources */ = {isa = PBXBuildFile; fileRef = 6F69430B286A3B6B007A536B /* FetchMoviesUseCase.swift */; };
		6F69430F286A3D1B007A536B /* MovieModel.swift in Sources */ = {isa = PBXBuildFile; fileRef = 6F69430E286A3D1B007A536B /* MovieModel.swift */; };
		6F694313286A4A70007A536B /* MovieTVCell.swift in Sources */ = {isa = PBXBuildFile; fileRef = 6F694311286A4A70007A536B /* MovieTVCell.swift */; };
		6F694314286A4A70007A536B /* MovieTVCell.xib in Resources */ = {isa = PBXBuildFile; fileRef = 6F694312286A4A70007A536B /* MovieTVCell.xib */; };
		6F694318286A4B1B007A536B /* TitleLabel.swift in Sources */ = {isa = PBXBuildFile; fileRef = 6F694317286A4B1B007A536B /* TitleLabel.swift */; };
		6F69431A286A52A5007A536B /* UIImageView+Ext.swift in Sources */ = {isa = PBXBuildFile; fileRef = 6F694319286A52A5007A536B /* UIImageView+Ext.swift */; };
		6FBABF3F286867A600120AD3 /* BaseNetworkError.swift in Sources */ = {isa = PBXBuildFile; fileRef = 6FBABF38286867A600120AD3 /* BaseNetworkError.swift */; };
		6FBABF40286867A600120AD3 /* ApiDecoder.swift in Sources */ = {isa = PBXBuildFile; fileRef = 6FBABF39286867A600120AD3 /* ApiDecoder.swift */; };
		6FBABF41286867A600120AD3 /* NetworkContants.swift in Sources */ = {isa = PBXBuildFile; fileRef = 6FBABF3A286867A600120AD3 /* NetworkContants.swift */; };
		6FBABF43286867A600120AD3 /* BaseNetworkResponse.swift in Sources */ = {isa = PBXBuildFile; fileRef = 6FBABF3C286867A600120AD3 /* BaseNetworkResponse.swift */; };
		6FBABF44286867A600120AD3 /* BaseNetworkRequest.swift in Sources */ = {isa = PBXBuildFile; fileRef = 6FBABF3D286867A600120AD3 /* BaseNetworkRequest.swift */; };
		6FBABF45286867A600120AD3 /* BaseNetworkRequestType.swift in Sources */ = {isa = PBXBuildFile; fileRef = 6FBABF3E286867A600120AD3 /* BaseNetworkRequestType.swift */; };
		6FBABF8A2868683F00120AD3 /* EnviromentsManager.swift in Sources */ = {isa = PBXBuildFile; fileRef = 6FBABF762868683F00120AD3 /* EnviromentsManager.swift */; };
		6FBABFB02868684500120AD3 /* ColorDesignSystem.swift in Sources */ = {isa = PBXBuildFile; fileRef = 6FBABF992868684500120AD3 /* ColorDesignSystem.swift */; };
		B5CE09B5BDB869DC4900460E /* Pods_LeanScaleCaseStudy.framework in Frameworks */ = {isa = PBXBuildFile; fileRef = 52D44FE169E2DEBC120CC06F /* Pods_LeanScaleCaseStudy.framework */; };
/* End PBXBuildFile section */

/* Begin PBXFileReference section */
		2C2F345491A28DCE3ABF7EC0 /* Pods-LeanScaleCaseStudy.debug.xcconfig */ = {isa = PBXFileReference; includeInIndex = 1; lastKnownFileType = text.xcconfig; name = "Pods-LeanScaleCaseStudy.debug.xcconfig"; path = "Target Support Files/Pods-LeanScaleCaseStudy/Pods-LeanScaleCaseStudy.debug.xcconfig"; sourceTree = "<group>"; };
		52D44FE169E2DEBC120CC06F /* Pods_LeanScaleCaseStudy.framework */ = {isa = PBXFileReference; explicitFileType = wrapper.framework; includeInIndex = 0; path = Pods_LeanScaleCaseStudy.framework; sourceTree = BUILT_PRODUCTS_DIR; };
		63826E3D1431473180A4E6F2 /* Pods-LeanScaleCaseStudy.release.xcconfig */ = {isa = PBXFileReference; includeInIndex = 1; lastKnownFileType = text.xcconfig; name = "Pods-LeanScaleCaseStudy.release.xcconfig"; path = "Target Support Files/Pods-LeanScaleCaseStudy/Pods-LeanScaleCaseStudy.release.xcconfig"; sourceTree = "<group>"; };
		6F50066F28685BAC00D1AA88 /* LeanScaleCaseStudy.app */ = {isa = PBXFileReference; explicitFileType = wrapper.application; includeInIndex = 0; path = LeanScaleCaseStudy.app; sourceTree = BUILT_PRODUCTS_DIR; };
		6F50067228685BAC00D1AA88 /* AppDelegate.swift */ = {isa = PBXFileReference; lastKnownFileType = sourcecode.swift; path = AppDelegate.swift; sourceTree = "<group>"; };
		6F50067428685BAC00D1AA88 /* SceneDelegate.swift */ = {isa = PBXFileReference; lastKnownFileType = sourcecode.swift; path = SceneDelegate.swift; sourceTree = "<group>"; };
		6F50067628685BAC00D1AA88 /* ViewController.swift */ = {isa = PBXFileReference; lastKnownFileType = sourcecode.swift; path = ViewController.swift; sourceTree = "<group>"; };
		6F50067928685BAC00D1AA88 /* Base */ = {isa = PBXFileReference; lastKnownFileType = file.storyboard; name = Base; path = Base.lproj/Main.storyboard; sourceTree = "<group>"; };
		6F50067B28685BB100D1AA88 /* Assets.xcassets */ = {isa = PBXFileReference; lastKnownFileType = folder.assetcatalog; path = Assets.xcassets; sourceTree = "<group>"; };
		6F50067E28685BB100D1AA88 /* Base */ = {isa = PBXFileReference; lastKnownFileType = file.storyboard; name = Base; path = Base.lproj/LaunchScreen.storyboard; sourceTree = "<group>"; };
		6F50068028685BB100D1AA88 /* Info.plist */ = {isa = PBXFileReference; lastKnownFileType = text.plist.xml; path = Info.plist; sourceTree = "<group>"; };
		6F69430B286A3B6B007A536B /* FetchMoviesUseCase.swift */ = {isa = PBXFileReference; lastKnownFileType = sourcecode.swift; path = FetchMoviesUseCase.swift; sourceTree = "<group>"; };
		6F69430E286A3D1B007A536B /* MovieModel.swift */ = {isa = PBXFileReference; lastKnownFileType = sourcecode.swift; path = MovieModel.swift; sourceTree = "<group>"; };
		6F694311286A4A70007A536B /* MovieTVCell.swift */ = {isa = PBXFileReference; lastKnownFileType = sourcecode.swift; path = MovieTVCell.swift; sourceTree = "<group>"; };
		6F694312286A4A70007A536B /* MovieTVCell.xib */ = {isa = PBXFileReference; lastKnownFileType = file.xib; path = MovieTVCell.xib; sourceTree = "<group>"; };
		6F694317286A4B1B007A536B /* TitleLabel.swift */ = {isa = PBXFileReference; lastKnownFileType = sourcecode.swift; path = TitleLabel.swift; sourceTree = "<group>"; };
		6F694319286A52A5007A536B /* UIImageView+Ext.swift */ = {isa = PBXFileReference; lastKnownFileType = sourcecode.swift; path = "UIImageView+Ext.swift"; sourceTree = "<group>"; };
		6FBABF38286867A600120AD3 /* BaseNetworkError.swift */ = {isa = PBXFileReference; fileEncoding = 4; lastKnownFileType = sourcecode.swift; path = BaseNetworkError.swift; sourceTree = "<group>"; };
		6FBABF39286867A600120AD3 /* ApiDecoder.swift */ = {isa = PBXFileReference; fileEncoding = 4; lastKnownFileType = sourcecode.swift; path = ApiDecoder.swift; sourceTree = "<group>"; };
		6FBABF3A286867A600120AD3 /* NetworkContants.swift */ = {isa = PBXFileReference; fileEncoding = 4; lastKnownFileType = sourcecode.swift; path = NetworkContants.swift; sourceTree = "<group>"; };
		6FBABF3C286867A600120AD3 /* BaseNetworkResponse.swift */ = {isa = PBXFileReference; fileEncoding = 4; lastKnownFileType = sourcecode.swift; path = BaseNetworkResponse.swift; sourceTree = "<group>"; };
		6FBABF3D286867A600120AD3 /* BaseNetworkRequest.swift */ = {isa = PBXFileReference; fileEncoding = 4; lastKnownFileType = sourcecode.swift; path = BaseNetworkRequest.swift; sourceTree = "<group>"; };
		6FBABF3E286867A600120AD3 /* BaseNetworkRequestType.swift */ = {isa = PBXFileReference; fileEncoding = 4; lastKnownFileType = sourcecode.swift; path = BaseNetworkRequestType.swift; sourceTree = "<group>"; };
		6FBABF762868683F00120AD3 /* EnviromentsManager.swift */ = {isa = PBXFileReference; fileEncoding = 4; lastKnownFileType = sourcecode.swift; path = EnviromentsManager.swift; sourceTree = "<group>"; };
		6FBABF992868684500120AD3 /* ColorDesignSystem.swift */ = {isa = PBXFileReference; fileEncoding = 4; lastKnownFileType = sourcecode.swift; path = ColorDesignSystem.swift; sourceTree = "<group>"; };
/* End PBXFileReference section */

/* Begin PBXFrameworksBuildPhase section */
		6F50066C28685BAC00D1AA88 /* Frameworks */ = {
			isa = PBXFrameworksBuildPhase;
			buildActionMask = 2147483647;
			files = (
				B5CE09B5BDB869DC4900460E /* Pods_LeanScaleCaseStudy.framework in Frameworks */,
			);
			runOnlyForDeploymentPostprocessing = 0;
		};
/* End PBXFrameworksBuildPhase section */

/* Begin PBXGroup section */
		11BC302C8CC5980D5FB6B6E8 /* Frameworks */ = {
			isa = PBXGroup;
			children = (
				52D44FE169E2DEBC120CC06F /* Pods_LeanScaleCaseStudy.framework */,
			);
			name = Frameworks;
			sourceTree = "<group>";
		};
		3ADC0685C0FB0B02B4F3D1A9 /* Pods */ = {
			isa = PBXGroup;
			children = (
				2C2F345491A28DCE3ABF7EC0 /* Pods-LeanScaleCaseStudy.debug.xcconfig */,
				63826E3D1431473180A4E6F2 /* Pods-LeanScaleCaseStudy.release.xcconfig */,
			);
			path = Pods;
			sourceTree = "<group>";
		};
		6F50066628685BAB00D1AA88 = {
			isa = PBXGroup;
			children = (
				6F50067128685BAC00D1AA88 /* LeanScaleCaseStudy */,
				6F50067028685BAC00D1AA88 /* Products */,
				3ADC0685C0FB0B02B4F3D1A9 /* Pods */,
				11BC302C8CC5980D5FB6B6E8 /* Frameworks */,
			);
			sourceTree = "<group>";
		};
		6F50067028685BAC00D1AA88 /* Products */ = {
			isa = PBXGroup;
			children = (
				6F50066F28685BAC00D1AA88 /* LeanScaleCaseStudy.app */,
			);
			name = Products;
			sourceTree = "<group>";
		};
		6F50067128685BAC00D1AA88 /* LeanScaleCaseStudy */ = {
			isa = PBXGroup;
			children = (
				6F69431B286A52B1007A536B /* Extensions */,
				6F694315286A4AFC007A536B /* CustomControls */,
				6FBABF962868684500120AD3 /* Resources */,
				6FBABF6E2868683F00120AD3 /* Managers */,
				6FBABF37286867A600120AD3 /* BaseNetworkLayer */,
				6F69430D286A3CFD007A536B /* ApiResponseModels */,
				6F69430A286A3B50007A536B /* UseCases */,
				6F694310286A4A56007A536B /* Views */,
				6F50067228685BAC00D1AA88 /* AppDelegate.swift */,
				6F50067428685BAC00D1AA88 /* SceneDelegate.swift */,
				6F50067628685BAC00D1AA88 /* ViewController.swift */,
				6F50067828685BAC00D1AA88 /* Main.storyboard */,
				6F50067B28685BB100D1AA88 /* Assets.xcassets */,
				6F50067D28685BB100D1AA88 /* LaunchScreen.storyboard */,
				6F50068028685BB100D1AA88 /* Info.plist */,
			);
			path = LeanScaleCaseStudy;
			sourceTree = "<group>";
		};
		6F69430A286A3B50007A536B /* UseCases */ = {
			isa = PBXGroup;
			children = (
				6F69430B286A3B6B007A536B /* FetchMoviesUseCase.swift */,
			);
			path = UseCases;
			sourceTree = "<group>";
		};
		6F69430D286A3CFD007A536B /* ApiResponseModels */ = {
			isa = PBXGroup;
			children = (
				6F69430E286A3D1B007A536B /* MovieModel.swift */,
			);
			path = ApiResponseModels;
			sourceTree = "<group>";
		};
		6F694310286A4A56007A536B /* Views */ = {
			isa = PBXGroup;
			children = (
				6F694311286A4A70007A536B /* MovieTVCell.swift */,
				6F694312286A4A70007A536B /* MovieTVCell.xib */,
			);
			path = Views;
			sourceTree = "<group>";
		};
		6F694315286A4AFC007A536B /* CustomControls */ = {
			isa = PBXGroup;
			children = (
				6F694316286A4B05007A536B /* Labels */,
			);
			path = CustomControls;
			sourceTree = "<group>";
		};
		6F694316286A4B05007A536B /* Labels */ = {
			isa = PBXGroup;
			children = (
				6F694317286A4B1B007A536B /* TitleLabel.swift */,
			);
			path = Labels;
			sourceTree = "<group>";
		};
		6F69431B286A52B1007A536B /* Extensions */ = {
			isa = PBXGroup;
			children = (
				6F694319286A52A5007A536B /* UIImageView+Ext.swift */,
			);
			path = Extensions;
			sourceTree = "<group>";
		};
		6FBABF37286867A600120AD3 /* BaseNetworkLayer */ = {
			isa = PBXGroup;
			children = (
				6FBABF38286867A600120AD3 /* BaseNetworkError.swift */,
				6FBABF39286867A600120AD3 /* ApiDecoder.swift */,
				6FBABF3A286867A600120AD3 /* NetworkContants.swift */,
				6FBABF3C286867A600120AD3 /* BaseNetworkResponse.swift */,
				6FBABF3D286867A600120AD3 /* BaseNetworkRequest.swift */,
				6FBABF3E286867A600120AD3 /* BaseNetworkRequestType.swift */,
			);
			path = BaseNetworkLayer;
			sourceTree = "<group>";
		};
		6FBABF6E2868683F00120AD3 /* Managers */ = {
			isa = PBXGroup;
			children = (
				6FBABF762868683F00120AD3 /* EnviromentsManager.swift */,
			);
			path = Managers;
			sourceTree = "<group>";
		};
		6FBABF962868684500120AD3 /* Resources */ = {
			isa = PBXGroup;
			children = (
				6FBABF972868684500120AD3 /* Design System */,
			);
			path = Resources;
			sourceTree = "<group>";
		};
		6FBABF972868684500120AD3 /* Design System */ = {
			isa = PBXGroup;
			children = (
				6FBABF982868684500120AD3 /* Color */,
			);
			path = "Design System";
			sourceTree = "<group>";
		};
		6FBABF982868684500120AD3 /* Color */ = {
			isa = PBXGroup;
			children = (
				6FBABF992868684500120AD3 /* ColorDesignSystem.swift */,
			);
			path = Color;
			sourceTree = "<group>";
		};
/* End PBXGroup section */

/* Begin PBXNativeTarget section */
		6F50066E28685BAC00D1AA88 /* LeanScaleCaseStudy */ = {
			isa = PBXNativeTarget;
			buildConfigurationList = 6F50068328685BB100D1AA88 /* Build configuration list for PBXNativeTarget "LeanScaleCaseStudy" */;
			buildPhases = (
				1EB0CD75A7AF90BA6A34366C /* [CP] Check Pods Manifest.lock */,
				6F50066B28685BAC00D1AA88 /* Sources */,
				6F50066C28685BAC00D1AA88 /* Frameworks */,
				6F50066D28685BAC00D1AA88 /* Resources */,
				1C8D71EAF889CFF30BC2EEBA /* [CP] Embed Pods Frameworks */,
				6FBABFC42868750B00120AD3 /* SwiftLint */,
			);
			buildRules = (
			);
			dependencies = (
			);
			name = LeanScaleCaseStudy;
			productName = LeanScaleCaseStudy;
			productReference = 6F50066F28685BAC00D1AA88 /* LeanScaleCaseStudy.app */;
			productType = "com.apple.product-type.application";
		};
/* End PBXNativeTarget section */

/* Begin PBXProject section */
		6F50066728685BAB00D1AA88 /* Project object */ = {
			isa = PBXProject;
			attributes = {
				BuildIndependentTargetsInParallel = 1;
				LastSwiftUpdateCheck = 1340;
				LastUpgradeCheck = 1340;
				TargetAttributes = {
					6F50066E28685BAC00D1AA88 = {
						CreatedOnToolsVersion = 13.4.1;
					};
				};
			};
			buildConfigurationList = 6F50066A28685BAC00D1AA88 /* Build configuration list for PBXProject "LeanScaleCaseStudy" */;
			compatibilityVersion = "Xcode 13.0";
			developmentRegion = en;
			hasScannedForEncodings = 0;
			knownRegions = (
				en,
				Base,
			);
			mainGroup = 6F50066628685BAB00D1AA88;
			productRefGroup = 6F50067028685BAC00D1AA88 /* Products */;
			projectDirPath = "";
			projectRoot = "";
			targets = (
				6F50066E28685BAC00D1AA88 /* LeanScaleCaseStudy */,
			);
		};
/* End PBXProject section */

/* Begin PBXResourcesBuildPhase section */
		6F50066D28685BAC00D1AA88 /* Resources */ = {
			isa = PBXResourcesBuildPhase;
			buildActionMask = 2147483647;
			files = (
				6F50067F28685BB100D1AA88 /* LaunchScreen.storyboard in Resources */,
				6F50067C28685BB100D1AA88 /* Assets.xcassets in Resources */,
				6F694314286A4A70007A536B /* MovieTVCell.xib in Resources */,
				6F50067A28685BAC00D1AA88 /* Main.storyboard in Resources */,
			);
			runOnlyForDeploymentPostprocessing = 0;
		};
/* End PBXResourcesBuildPhase section */

/* Begin PBXShellScriptBuildPhase section */
		1C8D71EAF889CFF30BC2EEBA /* [CP] Embed Pods Frameworks */ = {
			isa = PBXShellScriptBuildPhase;
			buildActionMask = 2147483647;
			files = (
			);
			inputFileListPaths = (
				"${PODS_ROOT}/Target Support Files/Pods-LeanScaleCaseStudy/Pods-LeanScaleCaseStudy-frameworks-${CONFIGURATION}-input-files.xcfilelist",
			);
			name = "[CP] Embed Pods Frameworks";
			outputFileListPaths = (
				"${PODS_ROOT}/Target Support Files/Pods-LeanScaleCaseStudy/Pods-LeanScaleCaseStudy-frameworks-${CONFIGURATION}-output-files.xcfilelist",
			);
			runOnlyForDeploymentPostprocessing = 0;
			shellPath = /bin/sh;
			shellScript = "\"${PODS_ROOT}/Target Support Files/Pods-LeanScaleCaseStudy/Pods-LeanScaleCaseStudy-frameworks.sh\"\n";
			showEnvVarsInLog = 0;
		};
		1EB0CD75A7AF90BA6A34366C /* [CP] Check Pods Manifest.lock */ = {
			isa = PBXShellScriptBuildPhase;
			buildActionMask = 2147483647;
			files = (
			);
			inputFileListPaths = (
			);
			inputPaths = (
				"${PODS_PODFILE_DIR_PATH}/Podfile.lock",
				"${PODS_ROOT}/Manifest.lock",
			);
			name = "[CP] Check Pods Manifest.lock";
			outputFileListPaths = (
			);
			outputPaths = (
				"$(DERIVED_FILE_DIR)/Pods-LeanScaleCaseStudy-checkManifestLockResult.txt",
			);
			runOnlyForDeploymentPostprocessing = 0;
			shellPath = /bin/sh;
			shellScript = "diff \"${PODS_PODFILE_DIR_PATH}/Podfile.lock\" \"${PODS_ROOT}/Manifest.lock\" > /dev/null\nif [ $? != 0 ] ; then\n    # print error to STDERR\n    echo \"error: The sandbox is not in sync with the Podfile.lock. Run 'pod install' or update your CocoaPods installation.\" >&2\n    exit 1\nfi\n# This output is used by Xcode 'outputs' to avoid re-running this script phase.\necho \"SUCCESS\" > \"${SCRIPT_OUTPUT_FILE_0}\"\n";
			showEnvVarsInLog = 0;
		};
		6FBABFC42868750B00120AD3 /* SwiftLint */ = {
			isa = PBXShellScriptBuildPhase;
			buildActionMask = 2147483647;
			files = (
			);
			inputFileListPaths = (
			);
			inputPaths = (
			);
			name = SwiftLint;
			outputFileListPaths = (
			);
			outputPaths = (
			);
			runOnlyForDeploymentPostprocessing = 0;
			shellPath = /bin/sh;
			shellScript = "# Type a script or drag a script file from your workspace to insert its path.\ncd ${PROJECT_DIR}/../\n\"${PODS_ROOT}/SwiftLint/swiftlint\" --config \"${PROJECT_DIR}/.swiftlint.yml\"\n";
		};
/* End PBXShellScriptBuildPhase section */

/* Begin PBXSourcesBuildPhase section */
		6F50066B28685BAC00D1AA88 /* Sources */ = {
			isa = PBXSourcesBuildPhase;
			buildActionMask = 2147483647;
			files = (
				6FBABF43286867A600120AD3 /* BaseNetworkResponse.swift in Sources */,
				6FBABF45286867A600120AD3 /* BaseNetworkRequestType.swift in Sources */,
				6FBABF3F286867A600120AD3 /* BaseNetworkError.swift in Sources */,
				6FBABFB02868684500120AD3 /* ColorDesignSystem.swift in Sources */,
				6F50067728685BAC00D1AA88 /* ViewController.swift in Sources */,
				6F69430C286A3B6B007A536B /* FetchMoviesUseCase.swift in Sources */,
				6F694318286A4B1B007A536B /* TitleLabel.swift in Sources */,
				6F69430F286A3D1B007A536B /* MovieModel.swift in Sources */,
				6F69431A286A52A5007A536B /* UIImageView+Ext.swift in Sources */,
				6FBABF41286867A600120AD3 /* NetworkContants.swift in Sources */,
				6F50067328685BAC00D1AA88 /* AppDelegate.swift in Sources */,
				6FBABF40286867A600120AD3 /* ApiDecoder.swift in Sources */,
				6F50067528685BAC00D1AA88 /* SceneDelegate.swift in Sources */,
				6FBABF8A2868683F00120AD3 /* EnviromentsManager.swift in Sources */,
				6F694313286A4A70007A536B /* MovieTVCell.swift in Sources */,
				6FBABF44286867A600120AD3 /* BaseNetworkRequest.swift in Sources */,
			);
			runOnlyForDeploymentPostprocessing = 0;
		};
/* End PBXSourcesBuildPhase section */

/* Begin PBXVariantGroup section */
		6F50067828685BAC00D1AA88 /* Main.storyboard */ = {
			isa = PBXVariantGroup;
			children = (
				6F50067928685BAC00D1AA88 /* Base */,
			);
			name = Main.storyboard;
			sourceTree = "<group>";
		};
		6F50067D28685BB100D1AA88 /* LaunchScreen.storyboard */ = {
			isa = PBXVariantGroup;
			children = (
				6F50067E28685BB100D1AA88 /* Base */,
			);
			name = LaunchScreen.storyboard;
			sourceTree = "<group>";
		};
/* End PBXVariantGroup section */

/* Begin XCBuildConfiguration section */
		6F50068128685BB100D1AA88 /* Debug */ = {
			isa = XCBuildConfiguration;
			buildSettings = {
				ALWAYS_SEARCH_USER_PATHS = NO;
				CLANG_ANALYZER_NONNULL = YES;
				CLANG_ANALYZER_NUMBER_OBJECT_CONVERSION = YES_AGGRESSIVE;
				CLANG_CXX_LANGUAGE_STANDARD = "gnu++17";
				CLANG_ENABLE_MODULES = YES;
				CLANG_ENABLE_OBJC_ARC = YES;
				CLANG_ENABLE_OBJC_WEAK = YES;
				CLANG_WARN_BLOCK_CAPTURE_AUTORELEASING = YES;
				CLANG_WARN_BOOL_CONVERSION = YES;
				CLANG_WARN_COMMA = YES;
				CLANG_WARN_CONSTANT_CONVERSION = YES;
				CLANG_WARN_DEPRECATED_OBJC_IMPLEMENTATIONS = YES;
				CLANG_WARN_DIRECT_OBJC_ISA_USAGE = YES_ERROR;
				CLANG_WARN_DOCUMENTATION_COMMENTS = YES;
				CLANG_WARN_EMPTY_BODY = YES;
				CLANG_WARN_ENUM_CONVERSION = YES;
				CLANG_WARN_INFINITE_RECURSION = YES;
				CLANG_WARN_INT_CONVERSION = YES;
				CLANG_WARN_NON_LITERAL_NULL_CONVERSION = YES;
				CLANG_WARN_OBJC_IMPLICIT_RETAIN_SELF = YES;
				CLANG_WARN_OBJC_LITERAL_CONVERSION = YES;
				CLANG_WARN_OBJC_ROOT_CLASS = YES_ERROR;
				CLANG_WARN_QUOTED_INCLUDE_IN_FRAMEWORK_HEADER = YES;
				CLANG_WARN_RANGE_LOOP_ANALYSIS = YES;
				CLANG_WARN_STRICT_PROTOTYPES = YES;
				CLANG_WARN_SUSPICIOUS_MOVE = YES;
				CLANG_WARN_UNGUARDED_AVAILABILITY = YES_AGGRESSIVE;
				CLANG_WARN_UNREACHABLE_CODE = YES;
				CLANG_WARN__DUPLICATE_METHOD_MATCH = YES;
				COPY_PHASE_STRIP = NO;
				DEBUG_INFORMATION_FORMAT = dwarf;
				ENABLE_STRICT_OBJC_MSGSEND = YES;
				ENABLE_TESTABILITY = YES;
				GCC_C_LANGUAGE_STANDARD = gnu11;
				GCC_DYNAMIC_NO_PIC = NO;
				GCC_NO_COMMON_BLOCKS = YES;
				GCC_OPTIMIZATION_LEVEL = 0;
				GCC_PREPROCESSOR_DEFINITIONS = (
					"DEBUG=1",
					"$(inherited)",
				);
				GCC_WARN_64_TO_32_BIT_CONVERSION = YES;
				GCC_WARN_ABOUT_RETURN_TYPE = YES_ERROR;
				GCC_WARN_UNDECLARED_SELECTOR = YES;
				GCC_WARN_UNINITIALIZED_AUTOS = YES_AGGRESSIVE;
				GCC_WARN_UNUSED_FUNCTION = YES;
				GCC_WARN_UNUSED_VARIABLE = YES;
				IPHONEOS_DEPLOYMENT_TARGET = 15.5;
				MTL_ENABLE_DEBUG_INFO = INCLUDE_SOURCE;
				MTL_FAST_MATH = YES;
				ONLY_ACTIVE_ARCH = YES;
				SDKROOT = iphoneos;
				SWIFT_ACTIVE_COMPILATION_CONDITIONS = DEBUG;
				SWIFT_OPTIMIZATION_LEVEL = "-Onone";
			};
			name = Debug;
		};
		6F50068228685BB100D1AA88 /* Release */ = {
			isa = XCBuildConfiguration;
			buildSettings = {
				ALWAYS_SEARCH_USER_PATHS = NO;
				CLANG_ANALYZER_NONNULL = YES;
				CLANG_ANALYZER_NUMBER_OBJECT_CONVERSION = YES_AGGRESSIVE;
				CLANG_CXX_LANGUAGE_STANDARD = "gnu++17";
				CLANG_ENABLE_MODULES = YES;
				CLANG_ENABLE_OBJC_ARC = YES;
				CLANG_ENABLE_OBJC_WEAK = YES;
				CLANG_WARN_BLOCK_CAPTURE_AUTORELEASING = YES;
				CLANG_WARN_BOOL_CONVERSION = YES;
				CLANG_WARN_COMMA = YES;
				CLANG_WARN_CONSTANT_CONVERSION = YES;
				CLANG_WARN_DEPRECATED_OBJC_IMPLEMENTATIONS = YES;
				CLANG_WARN_DIRECT_OBJC_ISA_USAGE = YES_ERROR;
				CLANG_WARN_DOCUMENTATION_COMMENTS = YES;
				CLANG_WARN_EMPTY_BODY = YES;
				CLANG_WARN_ENUM_CONVERSION = YES;
				CLANG_WARN_INFINITE_RECURSION = YES;
				CLANG_WARN_INT_CONVERSION = YES;
				CLANG_WARN_NON_LITERAL_NULL_CONVERSION = YES;
				CLANG_WARN_OBJC_IMPLICIT_RETAIN_SELF = YES;
				CLANG_WARN_OBJC_LITERAL_CONVERSION = YES;
				CLANG_WARN_OBJC_ROOT_CLASS = YES_ERROR;
				CLANG_WARN_QUOTED_INCLUDE_IN_FRAMEWORK_HEADER = YES;
				CLANG_WARN_RANGE_LOOP_ANALYSIS = YES;
				CLANG_WARN_STRICT_PROTOTYPES = YES;
				CLANG_WARN_SUSPICIOUS_MOVE = YES;
				CLANG_WARN_UNGUARDED_AVAILABILITY = YES_AGGRESSIVE;
				CLANG_WARN_UNREACHABLE_CODE = YES;
				CLANG_WARN__DUPLICATE_METHOD_MATCH = YES;
				COPY_PHASE_STRIP = NO;
				DEBUG_INFORMATION_FORMAT = "dwarf-with-dsym";
				ENABLE_NS_ASSERTIONS = NO;
				ENABLE_STRICT_OBJC_MSGSEND = YES;
				GCC_C_LANGUAGE_STANDARD = gnu11;
				GCC_NO_COMMON_BLOCKS = YES;
				GCC_WARN_64_TO_32_BIT_CONVERSION = YES;
				GCC_WARN_ABOUT_RETURN_TYPE = YES_ERROR;
				GCC_WARN_UNDECLARED_SELECTOR = YES;
				GCC_WARN_UNINITIALIZED_AUTOS = YES_AGGRESSIVE;
				GCC_WARN_UNUSED_FUNCTION = YES;
				GCC_WARN_UNUSED_VARIABLE = YES;
				IPHONEOS_DEPLOYMENT_TARGET = 15.5;
				MTL_ENABLE_DEBUG_INFO = NO;
				MTL_FAST_MATH = YES;
				SDKROOT = iphoneos;
				SWIFT_COMPILATION_MODE = wholemodule;
				SWIFT_OPTIMIZATION_LEVEL = "-O";
				VALIDATE_PRODUCT = YES;
			};
			name = Release;
		};
		6F50068428685BB100D1AA88 /* Debug */ = {
			isa = XCBuildConfiguration;
			baseConfigurationReference = 2C2F345491A28DCE3ABF7EC0 /* Pods-LeanScaleCaseStudy.debug.xcconfig */;
			buildSettings = {
				ASSETCATALOG_COMPILER_APPICON_NAME = AppIcon;
				ASSETCATALOG_COMPILER_GLOBAL_ACCENT_COLOR_NAME = AccentColor;
				CODE_SIGN_STYLE = Automatic;
				CURRENT_PROJECT_VERSION = 1;
				DEVELOPMENT_TEAM = XPK7Q394MG;
				GENERATE_INFOPLIST_FILE = YES;
				INFOPLIST_FILE = LeanScaleCaseStudy/Info.plist;
				INFOPLIST_KEY_UIApplicationSupportsIndirectInputEvents = YES;
				INFOPLIST_KEY_UILaunchStoryboardName = LaunchScreen;
				INFOPLIST_KEY_UIMainStoryboardFile = Main;
				INFOPLIST_KEY_UISupportedInterfaceOrientations_iPad = "UIInterfaceOrientationPortrait UIInterfaceOrientationPortraitUpsideDown UIInterfaceOrientationLandscapeLeft UIInterfaceOrientationLandscapeRight";
				INFOPLIST_KEY_UISupportedInterfaceOrientations_iPhone = "UIInterfaceOrientationPortrait UIInterfaceOrientationLandscapeLeft UIInterfaceOrientationLandscapeRight";
				LD_RUNPATH_SEARCH_PATHS = (
					"$(inherited)",
					"@executable_path/Frameworks",
				);
				MARKETING_VERSION = 1.0;
				PRODUCT_BUNDLE_IDENTIFIER = com.LeanScaleCaseStudy;
				PRODUCT_NAME = "$(TARGET_NAME)";
				SWIFT_EMIT_LOC_STRINGS = YES;
				SWIFT_VERSION = 5.0;
				TARGETED_DEVICE_FAMILY = "1,2";
			};
			name = Debug;
		};
		6F50068528685BB100D1AA88 /* Release */ = {
			isa = XCBuildConfiguration;
			baseConfigurationReference = 63826E3D1431473180A4E6F2 /* Pods-LeanScaleCaseStudy.release.xcconfig */;
			buildSettings = {
				ASSETCATALOG_COMPILER_APPICON_NAME = AppIcon;
				ASSETCATALOG_COMPILER_GLOBAL_ACCENT_COLOR_NAME = AccentColor;
				CODE_SIGN_STYLE = Automatic;
				CURRENT_PROJECT_VERSION = 1;
				DEVELOPMENT_TEAM = XPK7Q394MG;
				GENERATE_INFOPLIST_FILE = YES;
				INFOPLIST_FILE = LeanScaleCaseStudy/Info.plist;
				INFOPLIST_KEY_UIApplicationSupportsIndirectInputEvents = YES;
				INFOPLIST_KEY_UILaunchStoryboardName = LaunchScreen;
				INFOPLIST_KEY_UIMainStoryboardFile = Main;
				INFOPLIST_KEY_UISupportedInterfaceOrientations_iPad = "UIInterfaceOrientationPortrait UIInterfaceOrientationPortraitUpsideDown UIInterfaceOrientationLandscapeLeft UIInterfaceOrientationLandscapeRight";
				INFOPLIST_KEY_UISupportedInterfaceOrientations_iPhone = "UIInterfaceOrientationPortrait UIInterfaceOrientationLandscapeLeft UIInterfaceOrientationLandscapeRight";
				LD_RUNPATH_SEARCH_PATHS = (
					"$(inherited)",
					"@executable_path/Frameworks",
				);
				MARKETING_VERSION = 1.0;
				PRODUCT_BUNDLE_IDENTIFIER = com.LeanScaleCaseStudy;
				PRODUCT_NAME = "$(TARGET_NAME)";
				SWIFT_EMIT_LOC_STRINGS = YES;
				SWIFT_VERSION = 5.0;
				TARGETED_DEVICE_FAMILY = "1,2";
			};
			name = Release;
		};
/* End XCBuildConfiguration section */

/* Begin XCConfigurationList section */
		6F50066A28685BAC00D1AA88 /* Build configuration list for PBXProject "LeanScaleCaseStudy" */ = {
			isa = XCConfigurationList;
			buildConfigurations = (
				6F50068128685BB100D1AA88 /* Debug */,
				6F50068228685BB100D1AA88 /* Release */,
			);
			defaultConfigurationIsVisible = 0;
			defaultConfigurationName = Release;
		};
		6F50068328685BB100D1AA88 /* Build configuration list for PBXNativeTarget "LeanScaleCaseStudy" */ = {
			isa = XCConfigurationList;
			buildConfigurations = (
				6F50068428685BB100D1AA88 /* Debug */,
				6F50068528685BB100D1AA88 /* Release */,
			);
			defaultConfigurationIsVisible = 0;
			defaultConfigurationName = Release;
		};
/* End XCConfigurationList section */
	};
	rootObject = 6F50066728685BAB00D1AA88 /* Project object */;
}
